
Microsoft Visual Studio Solution File, Format Version 12.00
# Visual Studio Version 17
VisualStudioVersion = 17.0.31903.59
MinimumVisualStudioVersion = 10.0.40219.1
Project("{FAE04EC0-301F-11D3-BF4B-00C04F79EFBC}") = "CrispLook.Contracts", "CrispLook.Contracts\CrispLook.Contracts.csproj", "{442950A7-B1CE-4743-B9FC-9D5785019E53}"
EndProject
Project("{FAE04EC0-301F-11D3-BF4B-00C04F79EFBC}") = "CrispLook", "CrispLook\CrispLook.csproj", "{399D7481-5994-403A-9597-3A421FE83B3A}"
EndProject
Global
	GlobalSection(SolutionConfigurationPlatforms) = preSolution
		Debug|Any CPU = Debug|Any CPU
		Release|Any CPU = Release|Any CPU
	EndGlobalSection
	GlobalSection(SolutionProperties) = preSolution
		HideSolutionNode = FALSE
	EndGlobalSection
	GlobalSection(ProjectConfigurationPlatforms) = postSolution
		{442950A7-B1CE-4743-B9FC-9D5785019E53}.Debug|Any CPU.ActiveCfg = Debug|Any CPU
		{442950A7-B1CE-4743-B9FC-9D5785019E53}.Debug|Any CPU.Build.0 = Debug|Any CPU
		{442950A7-B1CE-4743-B9FC-9D5785019E53}.Release|Any CPU.ActiveCfg = Release|Any CPU
		{442950A7-B1CE-4743-B9FC-9D5785019E53}.Release|Any CPU.Build.0 = Release|Any CPU
		{399D7481-5994-403A-9597-3A421FE83B3A}.Debug|Any CPU.ActiveCfg = Debug|Any CPU
		{399D7481-5994-403A-9597-3A421FE83B3A}.Debug|Any CPU.Build.0 = Debug|Any CPU
		{399D7481-5994-403A-9597-3A421FE83B3A}.Release|Any CPU.ActiveCfg = Release|Any CPU
		{399D7481-5994-403A-9597-3A421FE83B3A}.Release|Any CPU.Build.0 = Release|Any CPU
	EndGlobalSection
EndGlobal
